
Microsoft Visual Studio Solution File, Format Version 12.00
# Visual Studio 15
VisualStudioVersion = 15.0.26730.16
MinimumVisualStudioVersion = 10.0.40219.1
Project("{FAE04EC0-301F-11D3-BF4B-00C04F79EFBC}") = "TravelMateApi", "TravelMateApi\TravelMateApi.csproj", "{2AD37E89-CE61-4B38-B4EA-833D71EEB480}"
EndProject
Global
	GlobalSection(SolutionConfigurationPlatforms) = preSolution
		Debug|Any CPU = Debug|Any CPU
		Release|Any CPU = Release|Any CPU
	EndGlobalSection
	GlobalSection(ProjectConfigurationPlatforms) = postSolution
		{2AD37E89-CE61-4B38-B4EA-833D71EEB480}.Debug|Any CPU.ActiveCfg = Debug|Any CPU
		{2AD37E89-CE61-4B38-B4EA-833D71EEB480}.Debug|Any CPU.Build.0 = Debug|Any CPU
		{2AD37E89-CE61-4B38-B4EA-833D71EEB480}.Release|Any CPU.ActiveCfg = Release|Any CPU
		{2AD37E89-CE61-4B38-B4EA-833D71EEB480}.Release|Any CPU.Build.0 = Release|Any CPU
	EndGlobalSection
	GlobalSection(SolutionProperties) = preSolution
		HideSolutionNode = FALSE
	EndGlobalSection
	GlobalSection(ExtensibilityGlobals) = postSolution
		SolutionGuid = {E6866FC1-11DB-4778-83A5-F61EF783A8CD}
	EndGlobalSection
EndGlobal
